
Microsoft Visual Studio Solution File, Format Version 12.00
# Visual Studio Version 16
VisualStudioVersion = 16.0.30011.22
MinimumVisualStudioVersion = 10.0.40219.1
Project("{FAE04EC0-301F-11D3-BF4B-00C04F79EFBC}") = "Angular8App", "Angular8App\Angular8App.csproj", "{579F65F6-0BA9-441C-BB90-FF3780B5F0F7}"
EndProject
Global
	GlobalSection(SolutionConfigurationPlatforms) = preSolution
		Debug|Any CPU = Debug|Any CPU
		Release|Any CPU = Release|Any CPU
	EndGlobalSection
	GlobalSection(ProjectConfigurationPlatforms) = postSolution
		{579F65F6-0BA9-441C-BB90-FF3780B5F0F7}.Debug|Any CPU.ActiveCfg = Debug|Any CPU
		{579F65F6-0BA9-441C-BB90-FF3780B5F0F7}.Debug|Any CPU.Build.0 = Debug|Any CPU
		{579F65F6-0BA9-441C-BB90-FF3780B5F0F7}.Release|Any CPU.ActiveCfg = Release|Any CPU
		{579F65F6-0BA9-441C-BB90-FF3780B5F0F7}.Release|Any CPU.Build.0 = Release|Any CPU
	EndGlobalSection
	GlobalSection(SolutionProperties) = preSolution
		HideSolutionNode = FALSE
	EndGlobalSection
	GlobalSection(ExtensibilityGlobals) = postSolution
		SolutionGuid = {3E077173-512A-4ECE-B09D-361E916CF9D8}
	EndGlobalSection
EndGlobal
